
Microsoft Visual Studio Solution File, Format Version 12.00
# Visual Studio Version 17
VisualStudioVersion = 17.9.34714.143
MinimumVisualStudioVersion = 10.0.40219.1
Project("{FAE04EC0-301F-11D3-BF4B-00C04F79EFBC}") = "Negocio", "Negocio\Negocio.csproj", "{F1006611-5301-4EC8-B157-296AE8D2943E}"
EndProject
Project("{FAE04EC0-301F-11D3-BF4B-00C04F79EFBC}") = "Datos", "Datos\Datos.csproj", "{EFCFAEAE-DCEF-437F-AF48-BE05AC064E0C}"
EndProject
Project("{FAE04EC0-301F-11D3-BF4B-00C04F79EFBC}") = "Presentacion", "Presentacion\Presentacion.csproj", "{EDEE9439-8519-404D-BA54-66B66259C03D}"
EndProject
Global
	GlobalSection(SolutionConfigurationPlatforms) = preSolution
		Debug|Any CPU = Debug|Any CPU
		Release|Any CPU = Release|Any CPU
	EndGlobalSection
	GlobalSection(ProjectConfigurationPlatforms) = postSolution
		{F1006611-5301-4EC8-B157-296AE8D2943E}.Debug|Any CPU.ActiveCfg = Debug|Any CPU
		{F1006611-5301-4EC8-B157-296AE8D2943E}.Debug|Any CPU.Build.0 = Debug|Any CPU
		{F1006611-5301-4EC8-B157-296AE8D2943E}.Release|Any CPU.ActiveCfg = Release|Any CPU
		{F1006611-5301-4EC8-B157-296AE8D2943E}.Release|Any CPU.Build.0 = Release|Any CPU
		{EFCFAEAE-DCEF-437F-AF48-BE05AC064E0C}.Debug|Any CPU.ActiveCfg = Debug|Any CPU
		{EFCFAEAE-DCEF-437F-AF48-BE05AC064E0C}.Debug|Any CPU.Build.0 = Debug|Any CPU
		{EFCFAEAE-DCEF-437F-AF48-BE05AC064E0C}.Release|Any CPU.ActiveCfg = Release|Any CPU
		{EFCFAEAE-DCEF-437F-AF48-BE05AC064E0C}.Release|Any CPU.Build.0 = Release|Any CPU
		{EDEE9439-8519-404D-BA54-66B66259C03D}.Debug|Any CPU.ActiveCfg = Debug|Any CPU
		{EDEE9439-8519-404D-BA54-66B66259C03D}.Debug|Any CPU.Build.0 = Debug|Any CPU
		{EDEE9439-8519-404D-BA54-66B66259C03D}.Release|Any CPU.ActiveCfg = Release|Any CPU
		{EDEE9439-8519-404D-BA54-66B66259C03D}.Release|Any CPU.Build.0 = Release|Any CPU
	EndGlobalSection
	GlobalSection(SolutionProperties) = preSolution
		HideSolutionNode = FALSE
	EndGlobalSection
	GlobalSection(ExtensibilityGlobals) = postSolution
		SolutionGuid = {F7D31D34-29DB-44A0-B010-2585128BEF5B}
	EndGlobalSection
EndGlobal
